
Microsoft Visual Studio Solution File, Format Version 12.00
# Visual Studio Version 17
VisualStudioVersion = 17.11.35327.3
MinimumVisualStudioVersion = 10.0.40219.1
Project("{FAE04EC0-301F-11D3-BF4B-00C04F79EFBC}") = "NewC_3_6", "NewC_3_6.csproj", "{B17CC852-2D01-41F5-837F-2E67243E7CD1}"
EndProject
Global
	GlobalSection(SolutionConfigurationPlatforms) = preSolution
		Debug|Any CPU = Debug|Any CPU
		Release|Any CPU = Release|Any CPU
	EndGlobalSection
	GlobalSection(ProjectConfigurationPlatforms) = postSolution
		{B17CC852-2D01-41F5-837F-2E67243E7CD1}.Debug|Any CPU.ActiveCfg = Debug|Any CPU
		{B17CC852-2D01-41F5-837F-2E67243E7CD1}.Debug|Any CPU.Build.0 = Debug|Any CPU
		{B17CC852-2D01-41F5-837F-2E67243E7CD1}.Release|Any CPU.ActiveCfg = Release|Any CPU
		{B17CC852-2D01-41F5-837F-2E67243E7CD1}.Release|Any CPU.Build.0 = Release|Any CPU
	EndGlobalSection
	GlobalSection(SolutionProperties) = preSolution
		HideSolutionNode = FALSE
	EndGlobalSection
	GlobalSection(ExtensibilityGlobals) = postSolution
		SolutionGuid = {177AD713-E33A-451C-87D4-C46FDA6DEC87}
	EndGlobalSection
EndGlobal
